
Microsoft Visual Studio Solution File, Format Version 12.00
# Visual Studio Version 16
VisualStudioVersion = 16.0.29613.14
MinimumVisualStudioVersion = 10.0.40219.1
Project("{FAE04EC0-301F-11D3-BF4B-00C04F79EFBC}") = "GithubUpdater", "GithubUpdater\GithubUpdater.csproj", "{FEF113C1-4EC1-4264-85DD-6DD5E3FB738A}"
EndProject
Project("{FAE04EC0-301F-11D3-BF4B-00C04F79EFBC}") = "ApiConsoleTest", "ApiConsoleTest\ApiConsoleTest.csproj", "{65353E82-A956-4CD0-82FF-AF0392615527}"
EndProject
Global
	GlobalSection(SolutionConfigurationPlatforms) = preSolution
		Debug|Any CPU = Debug|Any CPU
		Release|Any CPU = Release|Any CPU
	EndGlobalSection
	GlobalSection(ProjectConfigurationPlatforms) = postSolution
		{FEF113C1-4EC1-4264-85DD-6DD5E3FB738A}.Debug|Any CPU.ActiveCfg = Debug|Any CPU
		{FEF113C1-4EC1-4264-85DD-6DD5E3FB738A}.Debug|Any CPU.Build.0 = Debug|Any CPU
		{FEF113C1-4EC1-4264-85DD-6DD5E3FB738A}.Release|Any CPU.ActiveCfg = Release|Any CPU
		{FEF113C1-4EC1-4264-85DD-6DD5E3FB738A}.Release|Any CPU.Build.0 = Release|Any CPU
		{65353E82-A956-4CD0-82FF-AF0392615527}.Debug|Any CPU.ActiveCfg = Debug|Any CPU
		{65353E82-A956-4CD0-82FF-AF0392615527}.Debug|Any CPU.Build.0 = Debug|Any CPU
		{65353E82-A956-4CD0-82FF-AF0392615527}.Release|Any CPU.ActiveCfg = Release|Any CPU
		{65353E82-A956-4CD0-82FF-AF0392615527}.Release|Any CPU.Build.0 = Release|Any CPU
	EndGlobalSection
	GlobalSection(SolutionProperties) = preSolution
		HideSolutionNode = FALSE
	EndGlobalSection
	GlobalSection(ExtensibilityGlobals) = postSolution
		SolutionGuid = {2AB74BA2-7160-4028-ADEC-CACA5E729C8C}
	EndGlobalSection
EndGlobal
